// !$*UTF8*$!
{
	archiveVersion = 1;
	classes = {
	};
	objectVersion = 46;
	objects = {

/* Begin PBXBuildFile section */
		548B91761C7177E3008060C3 /* main.m in Sources */ = {isa = PBXBuildFile; fileRef = 548B91751C7177E3008060C3 /* main.m */; };
		548B91791C7177E3008060C3 /* AppDelegate.m in Sources */ = {isa = PBXBuildFile; fileRef = 548B91781C7177E3008060C3 /* AppDelegate.m */; };
		548B917C1C7177E3008060C3 /* ViewController.m in Sources */ = {isa = PBXBuildFile; fileRef = 548B917B1C7177E3008060C3 /* ViewController.m */; };
		548B917F1C7177E3008060C3 /* Main.storyboard in Resources */ = {isa = PBXBuildFile; fileRef = 548B917D1C7177E3008060C3 /* Main.storyboard */; };
		548B91821C7177E3008060C3 /* CoreData.xcdatamodeld in Sources */ = {isa = PBXBuildFile; fileRef = 548B91801C7177E3008060C3 /* CoreData.xcdatamodeld */; };
		548B91841C7177E3008060C3 /* Assets.xcassets in Resources */ = {isa = PBXBuildFile; fileRef = 548B91831C7177E3008060C3 /* Assets.xcassets */; };
		548B91871C7177E3008060C3 /* LaunchScreen.storyboard in Resources */ = {isa = PBXBuildFile; fileRef = 548B91851C7177E3008060C3 /* LaunchScreen.storyboard */; };
		548B91921C7177E3008060C3 /* CoreDataTests.m in Sources */ = {isa = PBXBuildFile; fileRef = 548B91911C7177E3008060C3 /* CoreDataTests.m */; };
		548B919D1C7177E3008060C3 /* CoreDataUITests.m in Sources */ = {isa = PBXBuildFile; fileRef = 548B919C1C7177E3008060C3 /* CoreDataUITests.m */; };
		548B91AB1C7178C6008060C3 /* answer.txt in Resources */ = {isa = PBXBuildFile; fileRef = 548B91AA1C7178C6008060C3 /* answer.txt */; };
		548B91AF1C717E2C008060C3 /* JSONKit.m in Sources */ = {isa = PBXBuildFile; fileRef = 548B91AE1C717E2C008060C3 /* JSONKit.m */; settings = {COMPILER_FLAGS = "-fno-objc-arc"; }; };
		548B91C01C71A3ED008060C3 /* Answer+CoreDataProperties.m in Sources */ = {isa = PBXBuildFile; fileRef = 548B91BD1C71A3ED008060C3 /* Answer+CoreDataProperties.m */; };
		548B91C11C71A3ED008060C3 /* Answer.m in Sources */ = {isa = PBXBuildFile; fileRef = 548B91BF1C71A3ED008060C3 /* Answer.m */; };
/* End PBXBuildFile section */

/* Begin PBXContainerItemProxy section */
		548B918E1C7177E3008060C3 /* PBXContainerItemProxy */ = {
			isa = PBXContainerItemProxy;
			containerPortal = 548B91691C7177E3008060C3 /* Project object */;
			proxyType = 1;
			remoteGlobalIDString = 548B91701C7177E3008060C3;
			remoteInfo = CoreData;
		};
		548B91991C7177E3008060C3 /* PBXContainerItemProxy */ = {
			isa = PBXContainerItemProxy;
			containerPortal = 548B91691C7177E3008060C3 /* Project object */;
			proxyType = 1;
			remoteGlobalIDString = 548B91701C7177E3008060C3;
			remoteInfo = CoreData;
		};
/* End PBXContainerItemProxy section */

/* Begin PBXFileReference section */
		548B91711C7177E3008060C3 /* CoreData.app */ = {isa = PBXFileReference; explicitFileType = wrapper.application; includeInIndex = 0; path = CoreData.app; sourceTree = BUILT_PRODUCTS_DIR; };
		548B91751C7177E3008060C3 /* main.m */ = {isa = PBXFileReference; lastKnownFileType = sourcecode.c.objc; path = main.m; sourceTree = "<group>"; };
		548B91771C7177E3008060C3 /* AppDelegate.h */ = {isa = PBXFileReference; lastKnownFileType = sourcecode.c.h; path = AppDelegate.h; sourceTree = "<group>"; };
		548B91781C7177E3008060C3 /* AppDelegate.m */ = {isa = PBXFileReference; lastKnownFileType = sourcecode.c.objc; path = AppDelegate.m; sourceTree = "<group>"; };
		548B917A1C7177E3008060C3 /* ViewController.h */ = {isa = PBXFileReference; lastKnownFileType = sourcecode.c.h; path = ViewController.h; sourceTree = "<group>"; };
		548B917B1C7177E3008060C3 /* ViewController.m */ = {isa = PBXFileReference; lastKnownFileType = sourcecode.c.objc; path = ViewController.m; sourceTree = "<group>"; };
		548B917E1C7177E3008060C3 /* Base */ = {isa = PBXFileReference; lastKnownFileType = file.storyboard; name = Base; path = Base.lproj/Main.storyboard; sourceTree = "<group>"; };
		548B91811C7177E3008060C3 /* CoreData.xcdatamodel */ = {isa = PBXFileReference; lastKnownFileType = wrapper.xcdatamodel; path = CoreData.xcdatamodel; sourceTree = "<group>"; };
		548B91831C7177E3008060C3 /* Assets.xcassets */ = {isa = PBXFileReference; lastKnownFileType = folder.assetcatalog; path = Assets.xcassets; sourceTree = "<group>"; };
		548B91861C7177E3008060C3 /* Base */ = {isa = PBXFileReference; lastKnownFileType = file.storyboard; name = Base; path = Base.lproj/LaunchScreen.storyboard; sourceTree = "<group>"; };
		548B91881C7177E3008060C3 /* Info.plist */ = {isa = PBXFileReference; lastKnownFileType = text.plist.xml; path = Info.plist; sourceTree = "<group>"; };
		548B918D1C7177E3008060C3 /* CoreDataTests.xctest */ = {isa = PBXFileReference; explicitFileType = wrapper.cfbundle; includeInIndex = 0; path = CoreDataTests.xctest; sourceTree = BUILT_PRODUCTS_DIR; };
		548B91911C7177E3008060C3 /* CoreDataTests.m */ = {isa = PBXFileReference; lastKnownFileType = sourcecode.c.objc; path = CoreDataTests.m; sourceTree = "<group>"; };
		548B91931C7177E3008060C3 /* Info.plist */ = {isa = PBXFileReference; lastKnownFileType = text.plist.xml; path = Info.plist; sourceTree = "<group>"; };
		548B91981C7177E3008060C3 /* CoreDataUITests.xctest */ = {isa = PBXFileReference; explicitFileType = wrapper.cfbundle; includeInIndex = 0; path = CoreDataUITests.xctest; sourceTree = BUILT_PRODUCTS_DIR; };
		548B919C1C7177E3008060C3 /* CoreDataUITests.m */ = {isa = PBXFileReference; lastKnownFileType = sourcecode.c.objc; path = CoreDataUITests.m; sourceTree = "<group>"; };
		548B919E1C7177E3008060C3 /* Info.plist */ = {isa = PBXFileReference; lastKnownFileType = text.plist.xml; path = Info.plist; sourceTree = "<group>"; };
		548B91AA1C7178C6008060C3 /* answer.txt */ = {isa = PBXFileReference; fileEncoding = 10; lastKnownFileType = text; path = answer.txt; sourceTree = "<group>"; };
		548B91AD1C717E2C008060C3 /* JSONKit.h */ = {isa = PBXFileReference; fileEncoding = 4; lastKnownFileType = sourcecode.c.h; path = JSONKit.h; sourceTree = "<group>"; };
		548B91AE1C717E2C008060C3 /* JSONKit.m */ = {isa = PBXFileReference; fileEncoding = 4; lastKnownFileType = sourcecode.c.objc; path = JSONKit.m; sourceTree = "<group>"; };
		548B91BC1C71A3ED008060C3 /* Answer+CoreDataProperties.h */ = {isa = PBXFileReference; fileEncoding = 4; lastKnownFileType = sourcecode.c.h; path = "Answer+CoreDataProperties.h"; sourceTree = "<group>"; };
		548B91BD1C71A3ED008060C3 /* Answer+CoreDataProperties.m */ = {isa = PBXFileReference; fileEncoding = 4; lastKnownFileType = sourcecode.c.objc; path = "Answer+CoreDataProperties.m"; sourceTree = "<group>"; };
		548B91BE1C71A3ED008060C3 /* Answer.h */ = {isa = PBXFileReference; fileEncoding = 4; lastKnownFileType = sourcecode.c.h; path = Answer.h; sourceTree = "<group>"; };
		548B91BF1C71A3ED008060C3 /* Answer.m */ = {isa = PBXFileReference; fileEncoding = 4; lastKnownFileType = sourcecode.c.objc; path = Answer.m; sourceTree = "<group>"; };
/* End PBXFileReference section */

/* Begin PBXFrameworksBuildPhase section */
		548B916E1C7177E3008060C3 /* Frameworks */ = {
			isa = PBXFrameworksBuildPhase;
			buildActionMask = 2147483647;
			files = (
			);
			runOnlyForDeploymentPostprocessing = 0;
		};
		548B918A1C7177E3008060C3 /* Frameworks */ = {
			isa = PBXFrameworksBuildPhase;
			buildActionMask = 2147483647;
			files = (
			);
			runOnlyForDeploymentPostprocessing = 0;
		};
		548B91951C7177E3008060C3 /* Frameworks */ = {
			isa = PBXFrameworksBuildPhase;
			buildActionMask = 2147483647;
			files = (
			);
			runOnlyForDeploymentPostprocessing = 0;
		};
/* End PBXFrameworksBuildPhase section */

/* Begin PBXGroup section */
		548B91681C7177E3008060C3 = {
			isa = PBXGroup;
			children = (
				548B91731C7177E3008060C3 /* CoreData */,
				548B91901C7177E3008060C3 /* CoreDataTests */,
				548B919B1C7177E3008060C3 /* CoreDataUITests */,
				548B91721C7177E3008060C3 /* Products */,
			);
			sourceTree = "<group>";
		};
		548B91721C7177E3008060C3 /* Products */ = {
			isa = PBXGroup;
			children = (
				548B91711C7177E3008060C3 /* CoreData.app */,
				548B918D1C7177E3008060C3 /* CoreDataTests.xctest */,
				548B91981C7177E3008060C3 /* CoreDataUITests.xctest */,
			);
			name = Products;
			sourceTree = "<group>";
		};
		548B91731C7177E3008060C3 /* CoreData */ = {
			isa = PBXGroup;
			children = (
				548B91AC1C717E2C008060C3 /* JSONKit */,
				548B91771C7177E3008060C3 /* AppDelegate.h */,
				548B91781C7177E3008060C3 /* AppDelegate.m */,
				548B917A1C7177E3008060C3 /* ViewController.h */,
				548B917B1C7177E3008060C3 /* ViewController.m */,
				548B91BC1C71A3ED008060C3 /* Answer+CoreDataProperties.h */,
				548B91BD1C71A3ED008060C3 /* Answer+CoreDataProperties.m */,
				548B91BE1C71A3ED008060C3 /* Answer.h */,
				548B91BF1C71A3ED008060C3 /* Answer.m */,
				548B91AA1C7178C6008060C3 /* answer.txt */,
				548B917D1C7177E3008060C3 /* Main.storyboard */,
				548B91831C7177E3008060C3 /* Assets.xcassets */,
				548B91851C7177E3008060C3 /* LaunchScreen.storyboard */,
				548B91881C7177E3008060C3 /* Info.plist */,
				548B91801C7177E3008060C3 /* CoreData.xcdatamodeld */,
				548B91741C7177E3008060C3 /* Supporting Files */,
			);
			path = CoreData;
			sourceTree = "<group>";
		};
		548B91741C7177E3008060C3 /* Supporting Files */ = {
			isa = PBXGroup;
			children = (
				548B91751C7177E3008060C3 /* main.m */,
			);
			name = "Supporting Files";
			sourceTree = "<group>";
		};
		548B91901C7177E3008060C3 /* CoreDataTests */ = {
			isa = PBXGroup;
			children = (
				548B91911C7177E3008060C3 /* CoreDataTests.m */,
				548B91931C7177E3008060C3 /* Info.plist */,
			);
			path = CoreDataTests;
			sourceTree = "<group>";
		};
		548B919B1C7177E3008060C3 /* CoreDataUITests */ = {
			isa = PBXGroup;
			children = (
				548B919C1C7177E3008060C3 /* CoreDataUITests.m */,
				548B919E1C7177E3008060C3 /* Info.plist */,
			);
			path = CoreDataUITests;
			sourceTree = "<group>";
		};
		548B91AC1C717E2C008060C3 /* JSONKit */ = {
			isa = PBXGroup;
			children = (
				548B91AD1C717E2C008060C3 /* JSONKit.h */,
				548B91AE1C717E2C008060C3 /* JSONKit.m */,
			);
			path = JSONKit;
			sourceTree = "<group>";
		};
/* End PBXGroup section */

/* Begin PBXNativeTarget section */
		548B91701C7177E3008060C3 /* CoreData */ = {
			isa = PBXNativeTarget;
			buildConfigurationList = 548B91A11C7177E3008060C3 /* Build configuration list for PBXNativeTarget "CoreData" */;
			buildPhases = (
				548B916D1C7177E3008060C3 /* Sources */,
				548B916E1C7177E3008060C3 /* Frameworks */,
				548B916F1C7177E3008060C3 /* Resources */,
			);
			buildRules = (
			);
			dependencies = (
			);
			name = CoreData;
			productName = CoreData;
			productReference = 548B91711C7177E3008060C3 /* CoreData.app */;
			productType = "com.apple.product-type.application";
		};
		548B918C1C7177E3008060C3 /* CoreDataTests */ = {
			isa = PBXNativeTarget;
			buildConfigurationList = 548B91A41C7177E3008060C3 /* Build configuration list for PBXNativeTarget "CoreDataTests" */;
			buildPhases = (
				548B91891C7177E3008060C3 /* Sources */,
				548B918A1C7177E3008060C3 /* Frameworks */,
				548B918B1C7177E3008060C3 /* Resources */,
			);
			buildRules = (
			);
			dependencies = (
				548B918F1C7177E3008060C3 /* PBXTargetDependency */,
			);
			name = CoreDataTests;
			productName = CoreDataTests;
			productReference = 548B918D1C7177E3008060C3 /* CoreDataTests.xctest */;
			productType = "com.apple.product-type.bundle.unit-test";
		};
		548B91971C7177E3008060C3 /* CoreDataUITests */ = {
			isa = PBXNativeTarget;
			buildConfigurationList = 548B91A71C7177E3008060C3 /* Build configuration list for PBXNativeTarget "CoreDataUITests" */;
			buildPhases = (
				548B91941C7177E3008060C3 /* Sources */,
				548B91951C7177E3008060C3 /* Frameworks */,
				548B91961C7177E3008060C3 /* Resources */,
			);
			buildRules = (
			);
			dependencies = (
				548B919A1C7177E3008060C3 /* PBXTargetDependency */,
			);
			name = CoreDataUITests;
			productName = CoreDataUITests;
			productReference = 548B91981C7177E3008060C3 /* CoreDataUITests.xctest */;
			productType = "com.apple.product-type.bundle.ui-testing";
		};
/* End PBXNativeTarget section */

/* Begin PBXProject section */
		548B91691C7177E3008060C3 /* Project object */ = {
			isa = PBXProject;
			attributes = {
				LastUpgradeCheck = 0720;
				ORGANIZATIONNAME = R_style_Man;
				TargetAttributes = {
					548B91701C7177E3008060C3 = {
						CreatedOnToolsVersion = 7.2;
					};
					548B918C1C7177E3008060C3 = {
						CreatedOnToolsVersion = 7.2;
						TestTargetID = 548B91701C7177E3008060C3;
					};
					548B91971C7177E3008060C3 = {
						CreatedOnToolsVersion = 7.2;
						TestTargetID = 548B91701C7177E3008060C3;
					};
				};
			};
			buildConfigurationList = 548B916C1C7177E3008060C3 /* Build configuration list for PBXProject "CoreData" */;
			compatibilityVersion = "Xcode 3.2";
			developmentRegion = English;
			hasScannedForEncodings = 0;
			knownRegions = (
				en,
				Base,
			);
			mainGroup = 548B91681C7177E3008060C3;
			productRefGroup = 548B91721C7177E3008060C3 /* Products */;
			projectDirPath = "";
			projectRoot = "";
			targets = (
				548B91701C7177E3008060C3 /* CoreData */,
				548B918C1C7177E3008060C3 /* CoreDataTests */,
				548B91971C7177E3008060C3 /* CoreDataUITests */,
			);
		};
/* End PBXProject section */

/* Begin PBXResourcesBuildPhase section */
		548B916F1C7177E3008060C3 /* Resources */ = {
			isa = PBXResourcesBuildPhase;
			buildActionMask = 2147483647;
			files = (
				548B91AB1C7178C6008060C3 /* answer.txt in Resources */,
				548B91871C7177E3008060C3 /* LaunchScreen.storyboard in Resources */,
				548B91841C7177E3008060C3 /* Assets.xcassets in Resources */,
				548B917F1C7177E3008060C3 /* Main.storyboard in Resources */,
			);
			runOnlyForDeploymentPostprocessing = 0;
		};
		548B918B1C7177E3008060C3 /* Resources */ = {
			isa = PBXResourcesBuildPhase;
			buildActionMask = 2147483647;
			files = (
			);
			runOnlyForDeploymentPostprocessing = 0;
		};
		548B91961C7177E3008060C3 /* Resources */ = {
			isa = PBXResourcesBuildPhase;
			buildActionMask = 2147483647;
			files = (
			);
			runOnlyForDeploymentPostprocessing = 0;
		};
/* End PBXResourcesBuildPhase section */

/* Begin PBXSourcesBuildPhase section */
		548B916D1C7177E3008060C3 /* Sources */ = {
			isa = PBXSourcesBuildPhase;
			buildActionMask = 2147483647;
			files = (
				548B91821C7177E3008060C3 /* CoreData.xcdatamodeld in Sources */,
				548B91C11C71A3ED008060C3 /* Answer.m in Sources */,
				548B91C01C71A3ED008060C3 /* Answer+CoreDataProperties.m in Sources */,
				548B917C1C7177E3008060C3 /* ViewController.m in Sources */,
				548B91791C7177E3008060C3 /* AppDelegate.m in Sources */,
				548B91761C7177E3008060C3 /* main.m in Sources */,
				548B91AF1C717E2C008060C3 /* JSONKit.m in Sources */,
			);
			runOnlyForDeploymentPostprocessing = 0;
		};
		548B91891C7177E3008060C3 /* Sources */ = {
			isa = PBXSourcesBuildPhase;
			buildActionMask = 2147483647;
			files = (
				548B91921C7177E3008060C3 /* CoreDataTests.m in Sources */,
			);
			runOnlyForDeploymentPostprocessing = 0;
		};
		548B91941C7177E3008060C3 /* Sources */ = {
			isa = PBXSourcesBuildPhase;
			buildActionMask = 2147483647;
			files = (
				548B919D1C7177E3008060C3 /* CoreDataUITests.m in Sources */,
			);
			runOnlyForDeploymentPostprocessing = 0;
		};
/* End PBXSourcesBuildPhase section */

/* Begin PBXTargetDependency section */
		548B918F1C7177E3008060C3 /* PBXTargetDependency */ = {
			isa = PBXTargetDependency;
			target = 548B91701C7177E3008060C3 /* CoreData */;
			targetProxy = 548B918E1C7177E3008060C3 /* PBXContainerItemProxy */;
		};
		548B919A1C7177E3008060C3 /* PBXTargetDependency */ = {
			isa = PBXTargetDependency;
			target = 548B91701C7177E3008060C3 /* CoreData */;
			targetProxy = 548B91991C7177E3008060C3 /* PBXContainerItemProxy */;
		};
/* End PBXTargetDependency section */

/* Begin PBXVariantGroup section */
		548B917D1C7177E3008060C3 /* Main.storyboard */ = {
			isa = PBXVariantGroup;
			children = (
				548B917E1C7177E3008060C3 /* Base */,
			);
			name = Main.storyboard;
			sourceTree = "<group>";
		};
		548B91851C7177E3008060C3 /* LaunchScreen.storyboard */ = {
			isa = PBXVariantGroup;
			children = (
				548B91861C7177E3008060C3 /* Base */,
			);
			name = LaunchScreen.storyboard;
			sourceTree = "<group>";
		};
/* End PBXVariantGroup section */

/* Begin XCBuildConfiguration section */
		548B919F1C7177E3008060C3 /* Debug */ = {
			isa = XCBuildConfiguration;
			buildSettings = {
				ALWAYS_SEARCH_USER_PATHS = NO;
				CLANG_CXX_LANGUAGE_STANDARD = "gnu++0x";
				CLANG_CXX_LIBRARY = "libc++";
				CLANG_ENABLE_MODULES = YES;
				CLANG_ENABLE_OBJC_ARC = YES;
				CLANG_WARN_BOOL_CONVERSION = YES;
				CLANG_WARN_CONSTANT_CONVERSION = YES;
				CLANG_WARN_DIRECT_OBJC_ISA_USAGE = YES_ERROR;
				CLANG_WARN_EMPTY_BODY = YES;
				CLANG_WARN_ENUM_CONVERSION = YES;
				CLANG_WARN_INT_CONVERSION = YES;
				CLANG_WARN_OBJC_ROOT_CLASS = YES_ERROR;
				CLANG_WARN_UNREACHABLE_CODE = YES;
				CLANG_WARN__DUPLICATE_METHOD_MATCH = YES;
				"CODE_SIGN_IDENTITY[sdk=iphoneos*]" = "iPhone Developer";
				COPY_PHASE_STRIP = NO;
				DEBUG_INFORMATION_FORMAT = dwarf;
				ENABLE_STRICT_OBJC_MSGSEND = YES;
				ENABLE_TESTABILITY = YES;
				GCC_C_LANGUAGE_STANDARD = gnu99;
				GCC_DYNAMIC_NO_PIC = NO;
				GCC_NO_COMMON_BLOCKS = YES;
				GCC_OPTIMIZATION_LEVEL = 0;
				GCC_PREPROCESSOR_DEFINITIONS = (
					"DEBUG=1",
					"$(inherited)",
				);
				GCC_WARN_64_TO_32_BIT_CONVERSION = YES;
				GCC_WARN_ABOUT_RETURN_TYPE = YES_ERROR;
				GCC_WARN_UNDECLARED_SELECTOR = YES;
				GCC_WARN_UNINITIALIZED_AUTOS = YES_AGGRESSIVE;
				GCC_WARN_UNUSED_FUNCTION = YES;
				GCC_WARN_UNUSED_VARIABLE = YES;
				IPHONEOS_DEPLOYMENT_TARGET = 9.2;
				MTL_ENABLE_DEBUG_INFO = YES;
				ONLY_ACTIVE_ARCH = YES;
				SDKROOT = iphoneos;
				TARGETED_DEVICE_FAMILY = "1,2";
			};
			name = Debug;
		};
		548B91A01C7177E3008060C3 /* Release */ = {
			isa = XCBuildConfiguration;
			buildSettings = {
				ALWAYS_SEARCH_USER_PATHS = NO;
				CLANG_CXX_LANGUAGE_STANDARD = "gnu++0x";
				CLANG_CXX_LIBRARY = "libc++";
				CLANG_ENABLE_MODULES = YES;
				CLANG_ENABLE_OBJC_ARC = YES;
				CLANG_WARN_BOOL_CONVERSION = YES;
				CLANG_WARN_CONSTANT_CONVERSION = YES;
				CLANG_WARN_DIRECT_OBJC_ISA_USAGE = YES_ERROR;
				CLANG_WARN_EMPTY_BODY = YES;
				CLANG_WARN_ENUM_CONVERSION = YES;
				CLANG_WARN_INT_CONVERSION = YES;
				CLANG_WARN_OBJC_ROOT_CLASS = YES_ERROR;
				CLANG_WARN_UNREACHABLE_CODE = YES;
				CLANG_WARN__DUPLICATE_METHOD_MATCH = YES;
				"CODE_SIGN_IDENTITY[sdk=iphoneos*]" = "iPhone Developer";
				COPY_PHASE_STRIP = NO;
				DEBUG_INFORMATION_FORMAT = "dwarf-with-dsym";
				ENABLE_NS_ASSERTIONS = NO;
				ENABLE_STRICT_OBJC_MSGSEND = YES;
				GCC_C_LANGUAGE_STANDARD = gnu99;
				GCC_NO_COMMON_BLOCKS = YES;
				GCC_WARN_64_TO_32_BIT_CONVERSION = YES;
				GCC_WARN_ABOUT_RETURN_TYPE = YES_ERROR;
				GCC_WARN_UNDECLARED_SELECTOR = YES;
				GCC_WARN_UNINITIALIZED_AUTOS = YES_AGGRESSIVE;
				GCC_WARN_UNUSED_FUNCTION = YES;
				GCC_WARN_UNUSED_VARIABLE = YES;
				IPHONEOS_DEPLOYMENT_TARGET = 9.2;
				MTL_ENABLE_DEBUG_INFO = NO;
				SDKROOT = iphoneos;
				TARGETED_DEVICE_FAMILY = "1,2";
				VALIDATE_PRODUCT = YES;
			};
			name = Release;
		};
		548B91A21C7177E3008060C3 /* Debug */ = {
			isa = XCBuildConfiguration;
			buildSettings = {
				ASSETCATALOG_COMPILER_APPICON_NAME = AppIcon;
				INFOPLIST_FILE = CoreData/Info.plist;
				LD_RUNPATH_SEARCH_PATHS = "$(inherited) @executable_path/Frameworks";
				PRODUCT_BUNDLE_IDENTIFIER = com.congcong.CoreData;
				PRODUCT_NAME = "$(TARGET_NAME)";
			};
			name = Debug;
		};
		548B91A31C7177E3008060C3 /* Release */ = {
			isa = XCBuildConfiguration;
			buildSettings = {
				ASSETCATALOG_COMPILER_APPICON_NAME = AppIcon;
				INFOPLIST_FILE = CoreData/Info.plist;
				LD_RUNPATH_SEARCH_PATHS = "$(inherited) @executable_path/Frameworks";
				PRODUCT_BUNDLE_IDENTIFIER = com.congcong.CoreData;
				PRODUCT_NAME = "$(TARGET_NAME)";
			};
			name = Release;
		};
		548B91A51C7177E3008060C3 /* Debug */ = {
			isa = XCBuildConfiguration;
			buildSettings = {
				BUNDLE_LOADER = "$(TEST_HOST)";
				INFOPLIST_FILE = CoreDataTests/Info.plist;
				LD_RUNPATH_SEARCH_PATHS = "$(inherited) @executable_path/Frameworks @loader_path/Frameworks";
				PRODUCT_BUNDLE_IDENTIFIER = com.congcong.CoreDataTests;
				PRODUCT_NAME = "$(TARGET_NAME)";
				TEST_HOST = "$(BUILT_PRODUCTS_DIR)/CoreData.app/CoreData";
			};
			name = Debug;
		};
		548B91A61C7177E3008060C3 /* Release */ = {
			isa = XCBuildConfiguration;
			buildSettings = {
				BUNDLE_LOADER = "$(TEST_HOST)";
				INFOPLIST_FILE = CoreDataTests/Info.plist;
				LD_RUNPATH_SEARCH_PATHS = "$(inherited) @executable_path/Frameworks @loader_path/Frameworks";
				PRODUCT_BUNDLE_IDENTIFIER = com.congcong.CoreDataTests;
				PRODUCT_NAME = "$(TARGET_NAME)";
				TEST_HOST = "$(BUILT_PRODUCTS_DIR)/CoreData.app/CoreData";
			};
			name = Release;
		};
		548B91A81C7177E3008060C3 /* Debug */ = {
			isa = XCBuildConfiguration;
			buildSettings = {
				INFOPLIST_FILE = CoreDataUITests/Info.plist;
				LD_RUNPATH_SEARCH_PATHS = "$(inherited) @executable_path/Frameworks @loader_path/Frameworks";
				PRODUCT_BUNDLE_IDENTIFIER = com.congcong.CoreDataUITests;
				PRODUCT_NAME = "$(TARGET_NAME)";
				TEST_TARGET_NAME = CoreData;
				USES_XCTRUNNER = YES;
			};
			name = Debug;
		};
		548B91A91C7177E3008060C3 /* Release */ = {
			isa = XCBuildConfiguration;
			buildSettings = {
				INFOPLIST_FILE = CoreDataUITests/Info.plist;
				LD_RUNPATH_SEARCH_PATHS = "$(inherited) @executable_path/Frameworks @loader_path/Frameworks";
				PRODUCT_BUNDLE_IDENTIFIER = com.congcong.CoreDataUITests;
				PRODUCT_NAME = "$(TARGET_NAME)";
				TEST_TARGET_NAME = CoreData;
				USES_XCTRUNNER = YES;
			};
			name = Release;
		};
/* End XCBuildConfiguration section */

/* Begin XCConfigurationList section */
		548B916C1C7177E3008060C3 /* Build configuration list for PBXProject "CoreData" */ = {
			isa = XCConfigurationList;
			buildConfigurations = (
				548B919F1C7177E3008060C3 /* Debug */,
				548B91A01C7177E3008060C3 /* Release */,
			);
			defaultConfigurationIsVisible = 0;
			defaultConfigurationName = Release;
		};
		548B91A11C7177E3008060C3 /* Build configuration list for PBXNativeTarget "CoreData" */ = {
			isa = XCConfigurationList;
			buildConfigurations = (
				548B91A21C7177E3008060C3 /* Debug */,
				548B91A31C7177E3008060C3 /* Release */,
			);
			defaultConfigurationIsVisible = 0;
			defaultConfigurationName = Release;
		};
		548B91A41C7177E3008060C3 /* Build configuration list for PBXNativeTarget "CoreDataTests" */ = {
			isa = XCConfigurationList;
			buildConfigurations = (
				548B91A51C7177E3008060C3 /* Debug */,
				548B91A61C7177E3008060C3 /* Release */,
			);
			defaultConfigurationIsVisible = 0;
			defaultConfigurationName = Release;
		};
		548B91A71C7177E3008060C3 /* Build configuration list for PBXNativeTarget "CoreDataUITests" */ = {
			isa = XCConfigurationList;
			buildConfigurations = (
				548B91A81C7177E3008060C3 /* Debug */,
				548B91A91C7177E3008060C3 /* Release */,
			);
			defaultConfigurationIsVisible = 0;
			defaultConfigurationName = Release;
		};
/* End XCConfigurationList section */

/* Begin XCVersionGroup section */
		548B91801C7177E3008060C3 /* CoreData.xcdatamodeld */ = {
			isa = XCVersionGroup;
			children = (
				548B91811C7177E3008060C3 /* CoreData.xcdatamodel */,
			);
			currentVersion = 548B91811C7177E3008060C3 /* CoreData.xcdatamodel */;
			path = CoreData.xcdatamodeld;
			sourceTree = "<group>";
			versionGroupType = wrapper.xcdatamodel;
		};
/* End XCVersionGroup section */
	};
	rootObject = 548B91691C7177E3008060C3 /* Project object */;
}
